
Microsoft Visual Studio Solution File, Format Version 12.00
# Visual Studio Version 17
VisualStudioVersion = 17.5.002.0
MinimumVisualStudioVersion = 10.0.40219.1
Project("{9A19103F-16F7-4668-BE54-9A1E7A4F7556}") = "ChinSMiniChallenge_FivetoSeven", "ChinSMiniChallenge_FivetoSeven.csproj", "{94A24C83-D1DC-4D8D-B6DD-1FC179B1A6F9}"
EndProject
Global
	GlobalSection(SolutionConfigurationPlatforms) = preSolution
		Debug|Any CPU = Debug|Any CPU
		Release|Any CPU = Release|Any CPU
	EndGlobalSection
	GlobalSection(ProjectConfigurationPlatforms) = postSolution
		{94A24C83-D1DC-4D8D-B6DD-1FC179B1A6F9}.Debug|Any CPU.ActiveCfg = Debug|Any CPU
		{94A24C83-D1DC-4D8D-B6DD-1FC179B1A6F9}.Debug|Any CPU.Build.0 = Debug|Any CPU
		{94A24C83-D1DC-4D8D-B6DD-1FC179B1A6F9}.Release|Any CPU.ActiveCfg = Release|Any CPU
		{94A24C83-D1DC-4D8D-B6DD-1FC179B1A6F9}.Release|Any CPU.Build.0 = Release|Any CPU
	EndGlobalSection
	GlobalSection(SolutionProperties) = preSolution
		HideSolutionNode = FALSE
	EndGlobalSection
	GlobalSection(ExtensibilityGlobals) = postSolution
		SolutionGuid = {3E0DFC99-B7C5-495A-AC53-2C58004E5E95}
	EndGlobalSection
EndGlobal
